<?xml version="1.0" encoding="utf-8"?>
<Project ToolsVersion="4.0" xmlns="http://schemas.microsoft.com/developer/msbuild/2003">
  <ItemGroup>
    <Filter Include="Source">
      <UniqueIdentifier>{56EB95D1-428D-C0A7-2B48-D4FB178947F8}</UniqueIdentifier>
    </Filter>
    <Filter Include="Source\Private">
      <UniqueIdentifier>{40780274-2C46-F679-15DA-66A00147D2DE}</UniqueIdentifier>
    </Filter>
    <Filter Include="Source\Public">
      <UniqueIdentifier>{C4B18749-3072-0380-F9AC-4CFD652C485C}</UniqueIdentifier>
    </Filter>
  </ItemGroup>
  <ItemGroup>
    <ClInclude Include="Source\Public\Base.h">
      <Filter>Source\Public</Filter>
    </ClInclude>
    <ClInclude Include="Source\Public\Parser.h">
      <Filter>Source\Public</Filter>
    </ClInclude>
    <ClInclude Include="Source\Public\Scanner.h">
      <Filter>Source\Public</Filter>
    </ClInclude>
    <ClInclude Include="Source\Public\State.h">
      <Filter>Source\Public</Filter>
    </ClInclude>
    <ClInclude Include="Source\Public\Timer.h">
      <Filter>Source\Public</Filter>
    </ClInclude>
  </ItemGroup>
  <ItemGroup>
    <ClCompile Include="Source\Private\EntryPoint.cpp">
      <Filter>Source\Private</Filter>
    </ClCompile>
    <ClCompile Include="Source\Private\Parser.cpp">
      <Filter>Source\Private</Filter>
    </ClCompile>
    <ClCompile Include="Source\Private\Scanner.cpp">
      <Filter>Source\Private</Filter>
    </ClCompile>
  </ItemGroup>
  <ItemGroup>
    <None Include="..\..\.editorconfig" />
  </ItemGroup>
</Project>